
Microsoft Visual Studio Solution File, Format Version 12.00
# Visual Studio 15
VisualStudioVersion = 15.0.27130.2010
MinimumVisualStudioVersion = 10.0.40219.1
Project("{FAE04EC0-301F-11D3-BF4B-00C04F79EFBC}") = "OReilleyMVCwKnockout", "OReilleyMVCwKnockout\OReilleyMVCwKnockout.csproj", "{55956867-BAB6-4865-B47B-E5A7C4A2B3FB}"
EndProject
Global
	GlobalSection(SolutionConfigurationPlatforms) = preSolution
		Debug|Any CPU = Debug|Any CPU
		Release|Any CPU = Release|Any CPU
	EndGlobalSection
	GlobalSection(ProjectConfigurationPlatforms) = postSolution
		{55956867-BAB6-4865-B47B-E5A7C4A2B3FB}.Debug|Any CPU.ActiveCfg = Debug|Any CPU
		{55956867-BAB6-4865-B47B-E5A7C4A2B3FB}.Debug|Any CPU.Build.0 = Debug|Any CPU
		{55956867-BAB6-4865-B47B-E5A7C4A2B3FB}.Release|Any CPU.ActiveCfg = Release|Any CPU
		{55956867-BAB6-4865-B47B-E5A7C4A2B3FB}.Release|Any CPU.Build.0 = Release|Any CPU
	EndGlobalSection
	GlobalSection(SolutionProperties) = preSolution
		HideSolutionNode = FALSE
	EndGlobalSection
	GlobalSection(ExtensibilityGlobals) = postSolution
		SolutionGuid = {35D13454-15E0-4E73-87B1-CF1BD804CC9A}
	EndGlobalSection
EndGlobal
